
Microsoft Visual Studio Solution File, Format Version 12.00
# Visual Studio 15
Project("{FAE04EC0-301F-11D3-BF4B-00C04F79EFBC}") = "UnityEngine.TestRunner", "UnityEngine.TestRunner.csproj", "{37ADDB1C-8036-6CFB-3F10-6F23CE75E441}"
EndProject
Project("{FAE04EC0-301F-11D3-BF4B-00C04F79EFBC}") = "UnityEngine.UI", "UnityEngine.UI.csproj", "{C68CF7DB-DFCD-1C61-3E10-9666A04486A1}"
EndProject
Project("{FAE04EC0-301F-11D3-BF4B-00C04F79EFBC}") = "Unity.Mathematics", "Unity.Mathematics.csproj", "{A18A111E-FFDC-2D28-3B34-4745A75F70F6}"
EndProject
Project("{FAE04EC0-301F-11D3-BF4B-00C04F79EFBC}") = "Unity.VisualScripting.State", "Unity.VisualScripting.State.csproj", "{FA4DCD66-9856-B41D-AE15-537CAB2D8012}"
EndProject
Project("{FAE04EC0-301F-11D3-BF4B-00C04F79EFBC}") = "Unity.VisualScripting.Core", "Unity.VisualScripting.Core.csproj", "{A4D927DC-779D-0CE9-8E0B-94B5EB2ECF40}"
EndProject
Project("{FAE04EC0-301F-11D3-BF4B-00C04F79EFBC}") = "Unity.VisualScripting.Flow", "Unity.VisualScripting.Flow.csproj", "{7827FF51-9B5C-EEC9-C713-78FC58D404AF}"
EndProject
Project("{FAE04EC0-301F-11D3-BF4B-00C04F79EFBC}") = "Unity.2D.Animation.Runtime", "Unity.2D.Animation.Runtime.csproj", "{0A5DDAFC-7792-CF44-ABC4-51F228D55853}"
EndProject
Project("{FAE04EC0-301F-11D3-BF4B-00C04F79EFBC}") = "Unity.TextMeshPro", "Unity.TextMeshPro.csproj", "{E515F234-4300-B34F-A613-46489F2FD36B}"
EndProject
Project("{FAE04EC0-301F-11D3-BF4B-00C04F79EFBC}") = "Unity.Timeline", "Unity.Timeline.csproj", "{5188AC0B-0842-FCD9-6B76-0FBF4753E471}"
EndProject
Project("{FAE04EC0-301F-11D3-BF4B-00C04F79EFBC}") = "Unity.2D.SpriteShape.Runtime", "Unity.2D.SpriteShape.Runtime.csproj", "{80153C67-1544-E186-42BF-AA59B09CD1EC}"
EndProject
Project("{FAE04EC0-301F-11D3-BF4B-00C04F79EFBC}") = "Unity.2D.Animation.Triangle.Runtime", "Unity.2D.Animation.Triangle.Runtime.csproj", "{6C0360F1-D7DC-13EA-F7E7-44EC924E1A35}"
EndProject
Project("{FAE04EC0-301F-11D3-BF4B-00C04F79EFBC}") = "Unity.2D.PixelPerfect", "Unity.2D.PixelPerfect.csproj", "{F2233643-6BB6-6430-D656-56C4ACAE052F}"
EndProject
Project("{FAE04EC0-301F-11D3-BF4B-00C04F79EFBC}") = "Unity.2D.IK.Runtime", "Unity.2D.IK.Runtime.csproj", "{8430B323-01EA-0B88-B97A-6A8678911EDE}"
EndProject
Project("{FAE04EC0-301F-11D3-BF4B-00C04F79EFBC}") = "Unity.2D.Common.Runtime", "Unity.2D.Common.Runtime.csproj", "{EC9BE894-2008-6935-5283-32559A040DF4}"
EndProject
Project("{FAE04EC0-301F-11D3-BF4B-00C04F79EFBC}") = "Assembly-CSharp", "Assembly-CSharp.csproj", "{6F457795-981A-0337-2C3E-395324777E13}"
EndProject
Project("{FAE04EC0-301F-11D3-BF4B-00C04F79EFBC}") = "Unity.InternalAPIEngineBridge.001", "Unity.InternalAPIEngineBridge.001.csproj", "{5229A955-3037-55E7-D331-7CB1B9066A83}"
EndProject
Project("{FAE04EC0-301F-11D3-BF4B-00C04F79EFBC}") = "Unity.VisualScripting.Core.Editor", "Unity.VisualScripting.Core.Editor.csproj", "{225566C3-B834-1514-9974-5A744E7F9A6F}"
EndProject
Project("{FAE04EC0-301F-11D3-BF4B-00C04F79EFBC}") = "Unity.VisualStudio.Editor", "Unity.VisualStudio.Editor.csproj", "{DBC35A6F-F261-FA8F-47CF-A9568F4CB433}"
EndProject
Project("{FAE04EC0-301F-11D3-BF4B-00C04F79EFBC}") = "Unity.Timeline.Editor", "Unity.Timeline.Editor.csproj", "{644C4BCD-8ECC-EBCD-CBD6-F45346680C72}"
EndProject
Project("{FAE04EC0-301F-11D3-BF4B-00C04F79EFBC}") = "Unity.VisualScripting.State.Editor", "Unity.VisualScripting.State.Editor.csproj", "{4AFC80C1-9ECF-4C0B-88CD-72870CA57474}"
EndProject
Project("{FAE04EC0-301F-11D3-BF4B-00C04F79EFBC}") = "Unity.TextMeshPro.Editor", "Unity.TextMeshPro.Editor.csproj", "{92342F9F-5346-1B7D-F05F-78D05751179C}"
EndProject
Project("{FAE04EC0-301F-11D3-BF4B-00C04F79EFBC}") = "Unity.2D.Animation.Editor", "Unity.2D.Animation.Editor.csproj", "{C176572F-BC7D-DDBC-4B38-82F07C0DE8BA}"
EndProject
Project("{FAE04EC0-301F-11D3-BF4B-00C04F79EFBC}") = "VSSettingsProvider", "VSSettingsProvider.csproj", "{DE13EB67-5DF6-1DAF-B23A-FA87045A8E62}"
EndProject
Project("{FAE04EC0-301F-11D3-BF4B-00C04F79EFBC}") = "Unity.CollabProxy.Editor", "Unity.CollabProxy.Editor.csproj", "{639253AA-147E-E9AF-88A7-EA38E65A98C3}"
EndProject
Project("{FAE04EC0-301F-11D3-BF4B-00C04F79EFBC}") = "UnityEditor.TestRunner", "UnityEditor.TestRunner.csproj", "{3F621B6A-C0D9-DE1A-6881-BCD1F2DCB624}"
EndProject
Project("{FAE04EC0-301F-11D3-BF4B-00C04F79EFBC}") = "Unity.VisualScripting.Flow.Editor", "Unity.VisualScripting.Flow.Editor.csproj", "{1FEBA227-11FE-9086-FC01-F3DCA7D63BFC}"
EndProject
Project("{FAE04EC0-301F-11D3-BF4B-00C04F79EFBC}") = "Unity.Rider.Editor", "Unity.Rider.Editor.csproj", "{1C1602C6-ED10-5180-58CC-787062E88BB9}"
EndProject
Project("{FAE04EC0-301F-11D3-BF4B-00C04F79EFBC}") = "Unity.2D.Path.Editor", "Unity.2D.Path.Editor.csproj", "{6BBB23A3-7F44-8E70-73BB-727DE39BAB87}"
EndProject
Project("{FAE04EC0-301F-11D3-BF4B-00C04F79EFBC}") = "PsdPlugin", "PsdPlugin.csproj", "{A44C9C82-90F2-01AD-ACEE-408D8BB40E41}"
EndProject
Project("{FAE04EC0-301F-11D3-BF4B-00C04F79EFBC}") = "Unity.2D.IK.Editor", "Unity.2D.IK.Editor.csproj", "{BEF4267E-0413-B736-FE18-77D11C87178B}"
EndProject
Project("{FAE04EC0-301F-11D3-BF4B-00C04F79EFBC}") = "Unity.2D.Psdimporter.Editor", "Unity.2D.Psdimporter.Editor.csproj", "{AB8439D5-1A89-9456-FCAD-BF1E9CFE9EDF}"
EndProject
Project("{FAE04EC0-301F-11D3-BF4B-00C04F79EFBC}") = "Unity.2D.SpriteShape.Editor", "Unity.2D.SpriteShape.Editor.csproj", "{8CA60136-B8EB-BE5E-2642-CF09AB644C55}"
EndProject
Project("{FAE04EC0-301F-11D3-BF4B-00C04F79EFBC}") = "Unity.2D.Tilemap.Editor", "Unity.2D.Tilemap.Editor.csproj", "{B196C534-0B3A-0127-CA24-FC689EEABCA7}"
EndProject
Project("{FAE04EC0-301F-11D3-BF4B-00C04F79EFBC}") = "Unity.2D.PixelPerfect.Editor", "Unity.2D.PixelPerfect.Editor.csproj", "{AA75FBEB-6DE1-4ACC-C390-335867255AB9}"
EndProject
Project("{FAE04EC0-301F-11D3-BF4B-00C04F79EFBC}") = "Unity.VSCode.Editor", "Unity.VSCode.Editor.csproj", "{FC037439-2A68-1649-8850-8247372A764E}"
EndProject
Project("{FAE04EC0-301F-11D3-BF4B-00C04F79EFBC}") = "Unity.2D.Sprite.Editor", "Unity.2D.Sprite.Editor.csproj", "{72EB5FDE-D6E1-E104-BF7D-6606201B23B6}"
EndProject
Project("{FAE04EC0-301F-11D3-BF4B-00C04F79EFBC}") = "UnityEditor.UI", "UnityEditor.UI.csproj", "{D5A00C5E-9B20-E4A9-CA59-3E5A030208EE}"
EndProject
Project("{FAE04EC0-301F-11D3-BF4B-00C04F79EFBC}") = "Unity.Mathematics.Editor", "Unity.Mathematics.Editor.csproj", "{2F979850-611F-B56B-05E5-578BD768C921}"
EndProject
Project("{FAE04EC0-301F-11D3-BF4B-00C04F79EFBC}") = "Unity.2D.Common.Editor", "Unity.2D.Common.Editor.csproj", "{09D1FE8B-A96E-B94B-F917-C9932346DAC4}"
EndProject
Project("{FAE04EC0-301F-11D3-BF4B-00C04F79EFBC}") = "Unity.InternalAPIEditorBridge.001", "Unity.InternalAPIEditorBridge.001.csproj", "{98854023-4EC9-7894-DD4F-B788846CBBEC}"
EndProject
Project("{FAE04EC0-301F-11D3-BF4B-00C04F79EFBC}") = "UnityEngine.TestRunner", "UnityEngine.TestRunner.Player.csproj", "{A836306E-D2E6-0F34-9F72-DBA1AC3E2D9F}"
EndProject
Project("{FAE04EC0-301F-11D3-BF4B-00C04F79EFBC}") = "UnityEngine.UI", "UnityEngine.UI.Player.csproj", "{D8ED3E85-D7D6-20AA-5E91-6A73052EDBAF}"
EndProject
Project("{FAE04EC0-301F-11D3-BF4B-00C04F79EFBC}") = "Unity.Mathematics", "Unity.Mathematics.Player.csproj", "{4E980DAF-DFF6-7284-7CD3-E764A2676103}"
EndProject
Project("{FAE04EC0-301F-11D3-BF4B-00C04F79EFBC}") = "Unity.VisualScripting.State", "Unity.VisualScripting.State.Player.csproj", "{50C125DA-AE0D-5471-B148-872D0E202885}"
EndProject
Project("{FAE04EC0-301F-11D3-BF4B-00C04F79EFBC}") = "Unity.VisualScripting.Core", "Unity.VisualScripting.Core.Player.csproj", "{6BA692CA-6874-FFAB-DA3E-4250457FC21A}"
EndProject
Project("{FAE04EC0-301F-11D3-BF4B-00C04F79EFBC}") = "Unity.VisualScripting.Flow", "Unity.VisualScripting.Flow.Player.csproj", "{3B79A56B-7B99-A12D-8E0F-404118A9C70D}"
EndProject
Project("{FAE04EC0-301F-11D3-BF4B-00C04F79EFBC}") = "Unity.2D.Animation.Runtime", "Unity.2D.Animation.Runtime.Player.csproj", "{019AB96E-8050-C04D-36FC-DB1F5CBFBAF4}"
EndProject
Project("{FAE04EC0-301F-11D3-BF4B-00C04F79EFBC}") = "Unity.TextMeshPro", "Unity.TextMeshPro.Player.csproj", "{D7CBEBDC-B63B-73A4-0AEA-5EC543E1C12D}"
EndProject
Project("{FAE04EC0-301F-11D3-BF4B-00C04F79EFBC}") = "Unity.Timeline", "Unity.Timeline.Player.csproj", "{1223DC7D-64B2-AA9A-2BF8-7FB864A08B3C}"
EndProject
Project("{FAE04EC0-301F-11D3-BF4B-00C04F79EFBC}") = "Unity.2D.SpriteShape.Runtime", "Unity.2D.SpriteShape.Runtime.Player.csproj", "{7C3D9CB7-02CB-E3A2-9730-81E9F341FB8D}"
EndProject
Project("{FAE04EC0-301F-11D3-BF4B-00C04F79EFBC}") = "Unity.2D.Animation.Triangle.Runtime", "Unity.2D.Animation.Triangle.Runtime.Player.csproj", "{5E69A572-C8C7-CDE1-D862-F137DB66C0CA}"
EndProject
Project("{FAE04EC0-301F-11D3-BF4B-00C04F79EFBC}") = "Unity.2D.PixelPerfect", "Unity.2D.PixelPerfect.Player.csproj", "{1BF13DBD-EEBF-202D-3942-91F3518617A7}"
EndProject
Project("{FAE04EC0-301F-11D3-BF4B-00C04F79EFBC}") = "Unity.2D.IK.Runtime", "Unity.2D.IK.Runtime.Player.csproj", "{5A1B9F3D-4200-7FDF-04A3-848FFA64EE96}"
EndProject
Project("{FAE04EC0-301F-11D3-BF4B-00C04F79EFBC}") = "Unity.2D.Common.Runtime", "Unity.2D.Common.Runtime.Player.csproj", "{6BAB5776-391F-5971-8CDF-C0A9B3B5AC95}"
EndProject
Project("{FAE04EC0-301F-11D3-BF4B-00C04F79EFBC}") = "Assembly-CSharp", "Assembly-CSharp.Player.csproj", "{B02DA17E-6E1A-4710-9EE6-31F71AB827D2}"
EndProject
Project("{FAE04EC0-301F-11D3-BF4B-00C04F79EFBC}") = "Unity.InternalAPIEngineBridge.001", "Unity.InternalAPIEngineBridge.001.Player.csproj", "{734DD762-DC94-5E0A-185B-3ED65AC42930}"
EndProject
Global
	GlobalSection(SolutionConfigurationPlatforms) = preSolution
		Debug|Any CPU = Debug|Any CPU
		Release|Any CPU = Release|Any CPU
	EndGlobalSection
	GlobalSection(ProjectConfigurationPlatforms) = postSolution
		{37ADDB1C-8036-6CFB-3F10-6F23CE75E441}.Debug|Any CPU.ActiveCfg = Debug|Any CPU
		{37ADDB1C-8036-6CFB-3F10-6F23CE75E441}.Debug|Any CPU.Build.0 = Debug|Any CPU
		{37ADDB1C-8036-6CFB-3F10-6F23CE75E441}.Release|Any CPU.ActiveCfg = Release|Any CPU
		{37ADDB1C-8036-6CFB-3F10-6F23CE75E441}.Release|Any CPU.Build.0 = Release|Any CPU
		{C68CF7DB-DFCD-1C61-3E10-9666A04486A1}.Debug|Any CPU.ActiveCfg = Debug|Any CPU
		{C68CF7DB-DFCD-1C61-3E10-9666A04486A1}.Debug|Any CPU.Build.0 = Debug|Any CPU
		{C68CF7DB-DFCD-1C61-3E10-9666A04486A1}.Release|Any CPU.ActiveCfg = Release|Any CPU
		{C68CF7DB-DFCD-1C61-3E10-9666A04486A1}.Release|Any CPU.Build.0 = Release|Any CPU
		{A18A111E-FFDC-2D28-3B34-4745A75F70F6}.Debug|Any CPU.ActiveCfg = Debug|Any CPU
		{A18A111E-FFDC-2D28-3B34-4745A75F70F6}.Debug|Any CPU.Build.0 = Debug|Any CPU
		{A18A111E-FFDC-2D28-3B34-4745A75F70F6}.Release|Any CPU.ActiveCfg = Release|Any CPU
		{A18A111E-FFDC-2D28-3B34-4745A75F70F6}.Release|Any CPU.Build.0 = Release|Any CPU
		{FA4DCD66-9856-B41D-AE15-537CAB2D8012}.Debug|Any CPU.ActiveCfg = Debug|Any CPU
		{FA4DCD66-9856-B41D-AE15-537CAB2D8012}.Debug|Any CPU.Build.0 = Debug|Any CPU
		{FA4DCD66-9856-B41D-AE15-537CAB2D8012}.Release|Any CPU.ActiveCfg = Release|Any CPU
		{FA4DCD66-9856-B41D-AE15-537CAB2D8012}.Release|Any CPU.Build.0 = Release|Any CPU
		{A4D927DC-779D-0CE9-8E0B-94B5EB2ECF40}.Debug|Any CPU.ActiveCfg = Debug|Any CPU
		{A4D927DC-779D-0CE9-8E0B-94B5EB2ECF40}.Debug|Any CPU.Build.0 = Debug|Any CPU
		{A4D927DC-779D-0CE9-8E0B-94B5EB2ECF40}.Release|Any CPU.ActiveCfg = Release|Any CPU
		{A4D927DC-779D-0CE9-8E0B-94B5EB2ECF40}.Release|Any CPU.Build.0 = Release|Any CPU
		{7827FF51-9B5C-EEC9-C713-78FC58D404AF}.Debug|Any CPU.ActiveCfg = Debug|Any CPU
		{7827FF51-9B5C-EEC9-C713-78FC58D404AF}.Debug|Any CPU.Build.0 = Debug|Any CPU
		{7827FF51-9B5C-EEC9-C713-78FC58D404AF}.Release|Any CPU.ActiveCfg = Release|Any CPU
		{7827FF51-9B5C-EEC9-C713-78FC58D404AF}.Release|Any CPU.Build.0 = Release|Any CPU
		{0A5DDAFC-7792-CF44-ABC4-51F228D55853}.Debug|Any CPU.ActiveCfg = Debug|Any CPU
		{0A5DDAFC-7792-CF44-ABC4-51F228D55853}.Debug|Any CPU.Build.0 = Debug|Any CPU
		{0A5DDAFC-7792-CF44-ABC4-51F228D55853}.Release|Any CPU.ActiveCfg = Release|Any CPU
		{0A5DDAFC-7792-CF44-ABC4-51F228D55853}.Release|Any CPU.Build.0 = Release|Any CPU
		{E515F234-4300-B34F-A613-46489F2FD36B}.Debug|Any CPU.ActiveCfg = Debug|Any CPU
		{E515F234-4300-B34F-A613-46489F2FD36B}.Debug|Any CPU.Build.0 = Debug|Any CPU
		{E515F234-4300-B34F-A613-46489F2FD36B}.Release|Any CPU.ActiveCfg = Release|Any CPU
		{E515F234-4300-B34F-A613-46489F2FD36B}.Release|Any CPU.Build.0 = Release|Any CPU
		{5188AC0B-0842-FCD9-6B76-0FBF4753E471}.Debug|Any CPU.ActiveCfg = Debug|Any CPU
		{5188AC0B-0842-FCD9-6B76-0FBF4753E471}.Debug|Any CPU.Build.0 = Debug|Any CPU
		{5188AC0B-0842-FCD9-6B76-0FBF4753E471}.Release|Any CPU.ActiveCfg = Release|Any CPU
		{5188AC0B-0842-FCD9-6B76-0FBF4753E471}.Release|Any CPU.Build.0 = Release|Any CPU
		{80153C67-1544-E186-42BF-AA59B09CD1EC}.Debug|Any CPU.ActiveCfg = Debug|Any CPU
		{80153C67-1544-E186-42BF-AA59B09CD1EC}.Debug|Any CPU.Build.0 = Debug|Any CPU
		{80153C67-1544-E186-42BF-AA59B09CD1EC}.Release|Any CPU.ActiveCfg = Release|Any CPU
		{80153C67-1544-E186-42BF-AA59B09CD1EC}.Release|Any CPU.Build.0 = Release|Any CPU
		{6C0360F1-D7DC-13EA-F7E7-44EC924E1A35}.Debug|Any CPU.ActiveCfg = Debug|Any CPU
		{6C0360F1-D7DC-13EA-F7E7-44EC924E1A35}.Debug|Any CPU.Build.0 = Debug|Any CPU
		{6C0360F1-D7DC-13EA-F7E7-44EC924E1A35}.Release|Any CPU.ActiveCfg = Release|Any CPU
		{6C0360F1-D7DC-13EA-F7E7-44EC924E1A35}.Release|Any CPU.Build.0 = Release|Any CPU
		{F2233643-6BB6-6430-D656-56C4ACAE052F}.Debug|Any CPU.ActiveCfg = Debug|Any CPU
		{F2233643-6BB6-6430-D656-56C4ACAE052F}.Debug|Any CPU.Build.0 = Debug|Any CPU
		{F2233643-6BB6-6430-D656-56C4ACAE052F}.Release|Any CPU.ActiveCfg = Release|Any CPU
		{F2233643-6BB6-6430-D656-56C4ACAE052F}.Release|Any CPU.Build.0 = Release|Any CPU
		{8430B323-01EA-0B88-B97A-6A8678911EDE}.Debug|Any CPU.ActiveCfg = Debug|Any CPU
		{8430B323-01EA-0B88-B97A-6A8678911EDE}.Debug|Any CPU.Build.0 = Debug|Any CPU
		{8430B323-01EA-0B88-B97A-6A8678911EDE}.Release|Any CPU.ActiveCfg = Release|Any CPU
		{8430B323-01EA-0B88-B97A-6A8678911EDE}.Release|Any CPU.Build.0 = Release|Any CPU
		{EC9BE894-2008-6935-5283-32559A040DF4}.Debug|Any CPU.ActiveCfg = Debug|Any CPU
		{EC9BE894-2008-6935-5283-32559A040DF4}.Debug|Any CPU.Build.0 = Debug|Any CPU
		{EC9BE894-2008-6935-5283-32559A040DF4}.Release|Any CPU.ActiveCfg = Release|Any CPU
		{EC9BE894-2008-6935-5283-32559A040DF4}.Release|Any CPU.Build.0 = Release|Any CPU
		{6F457795-981A-0337-2C3E-395324777E13}.Debug|Any CPU.ActiveCfg = Debug|Any CPU
		{6F457795-981A-0337-2C3E-395324777E13}.Debug|Any CPU.Build.0 = Debug|Any CPU
		{6F457795-981A-0337-2C3E-395324777E13}.Release|Any CPU.ActiveCfg = Release|Any CPU
		{6F457795-981A-0337-2C3E-395324777E13}.Release|Any CPU.Build.0 = Release|Any CPU
		{5229A955-3037-55E7-D331-7CB1B9066A83}.Debug|Any CPU.ActiveCfg = Debug|Any CPU
		{5229A955-3037-55E7-D331-7CB1B9066A83}.Debug|Any CPU.Build.0 = Debug|Any CPU
		{5229A955-3037-55E7-D331-7CB1B9066A83}.Release|Any CPU.ActiveCfg = Release|Any CPU
		{5229A955-3037-55E7-D331-7CB1B9066A83}.Release|Any CPU.Build.0 = Release|Any CPU
		{225566C3-B834-1514-9974-5A744E7F9A6F}.Debug|Any CPU.ActiveCfg = Debug|Any CPU
		{225566C3-B834-1514-9974-5A744E7F9A6F}.Debug|Any CPU.Build.0 = Debug|Any CPU
		{225566C3-B834-1514-9974-5A744E7F9A6F}.Release|Any CPU.ActiveCfg = Release|Any CPU
		{225566C3-B834-1514-9974-5A744E7F9A6F}.Release|Any CPU.Build.0 = Release|Any CPU
		{DBC35A6F-F261-FA8F-47CF-A9568F4CB433}.Debug|Any CPU.ActiveCfg = Debug|Any CPU
		{DBC35A6F-F261-FA8F-47CF-A9568F4CB433}.Debug|Any CPU.Build.0 = Debug|Any CPU
		{DBC35A6F-F261-FA8F-47CF-A9568F4CB433}.Release|Any CPU.ActiveCfg = Release|Any CPU
		{DBC35A6F-F261-FA8F-47CF-A9568F4CB433}.Release|Any CPU.Build.0 = Release|Any CPU
		{644C4BCD-8ECC-EBCD-CBD6-F45346680C72}.Debug|Any CPU.ActiveCfg = Debug|Any CPU
		{644C4BCD-8ECC-EBCD-CBD6-F45346680C72}.Debug|Any CPU.Build.0 = Debug|Any CPU
		{644C4BCD-8ECC-EBCD-CBD6-F45346680C72}.Release|Any CPU.ActiveCfg = Release|Any CPU
		{644C4BCD-8ECC-EBCD-CBD6-F45346680C72}.Release|Any CPU.Build.0 = Release|Any CPU
		{4AFC80C1-9ECF-4C0B-88CD-72870CA57474}.Debug|Any CPU.ActiveCfg = Debug|Any CPU
		{4AFC80C1-9ECF-4C0B-88CD-72870CA57474}.Debug|Any CPU.Build.0 = Debug|Any CPU
		{4AFC80C1-9ECF-4C0B-88CD-72870CA57474}.Release|Any CPU.ActiveCfg = Release|Any CPU
		{4AFC80C1-9ECF-4C0B-88CD-72870CA57474}.Release|Any CPU.Build.0 = Release|Any CPU
		{92342F9F-5346-1B7D-F05F-78D05751179C}.Debug|Any CPU.ActiveCfg = Debug|Any CPU
		{92342F9F-5346-1B7D-F05F-78D05751179C}.Debug|Any CPU.Build.0 = Debug|Any CPU
		{92342F9F-5346-1B7D-F05F-78D05751179C}.Release|Any CPU.ActiveCfg = Release|Any CPU
		{92342F9F-5346-1B7D-F05F-78D05751179C}.Release|Any CPU.Build.0 = Release|Any CPU
		{C176572F-BC7D-DDBC-4B38-82F07C0DE8BA}.Debug|Any CPU.ActiveCfg = Debug|Any CPU
		{C176572F-BC7D-DDBC-4B38-82F07C0DE8BA}.Debug|Any CPU.Build.0 = Debug|Any CPU
		{C176572F-BC7D-DDBC-4B38-82F07C0DE8BA}.Release|Any CPU.ActiveCfg = Release|Any CPU
		{C176572F-BC7D-DDBC-4B38-82F07C0DE8BA}.Release|Any CPU.Build.0 = Release|Any CPU
		{DE13EB67-5DF6-1DAF-B23A-FA87045A8E62}.Debug|Any CPU.ActiveCfg = Debug|Any CPU
		{DE13EB67-5DF6-1DAF-B23A-FA87045A8E62}.Debug|Any CPU.Build.0 = Debug|Any CPU
		{DE13EB67-5DF6-1DAF-B23A-FA87045A8E62}.Release|Any CPU.ActiveCfg = Release|Any CPU
		{DE13EB67-5DF6-1DAF-B23A-FA87045A8E62}.Release|Any CPU.Build.0 = Release|Any CPU
		{639253AA-147E-E9AF-88A7-EA38E65A98C3}.Debug|Any CPU.ActiveCfg = Debug|Any CPU
		{639253AA-147E-E9AF-88A7-EA38E65A98C3}.Debug|Any CPU.Build.0 = Debug|Any CPU
		{639253AA-147E-E9AF-88A7-EA38E65A98C3}.Release|Any CPU.ActiveCfg = Release|Any CPU
		{639253AA-147E-E9AF-88A7-EA38E65A98C3}.Release|Any CPU.Build.0 = Release|Any CPU
		{3F621B6A-C0D9-DE1A-6881-BCD1F2DCB624}.Debug|Any CPU.ActiveCfg = Debug|Any CPU
		{3F621B6A-C0D9-DE1A-6881-BCD1F2DCB624}.Debug|Any CPU.Build.0 = Debug|Any CPU
		{3F621B6A-C0D9-DE1A-6881-BCD1F2DCB624}.Release|Any CPU.ActiveCfg = Release|Any CPU
		{3F621B6A-C0D9-DE1A-6881-BCD1F2DCB624}.Release|Any CPU.Build.0 = Release|Any CPU
		{1FEBA227-11FE-9086-FC01-F3DCA7D63BFC}.Debug|Any CPU.ActiveCfg = Debug|Any CPU
		{1FEBA227-11FE-9086-FC01-F3DCA7D63BFC}.Debug|Any CPU.Build.0 = Debug|Any CPU
		{1FEBA227-11FE-9086-FC01-F3DCA7D63BFC}.Release|Any CPU.ActiveCfg = Release|Any CPU
		{1FEBA227-11FE-9086-FC01-F3DCA7D63BFC}.Release|Any CPU.Build.0 = Release|Any CPU
		{1C1602C6-ED10-5180-58CC-787062E88BB9}.Debug|Any CPU.ActiveCfg = Debug|Any CPU
		{1C1602C6-ED10-5180-58CC-787062E88BB9}.Debug|Any CPU.Build.0 = Debug|Any CPU
		{1C1602C6-ED10-5180-58CC-787062E88BB9}.Release|Any CPU.ActiveCfg = Release|Any CPU
		{1C1602C6-ED10-5180-58CC-787062E88BB9}.Release|Any CPU.Build.0 = Release|Any CPU
		{6BBB23A3-7F44-8E70-73BB-727DE39BAB87}.Debug|Any CPU.ActiveCfg = Debug|Any CPU
		{6BBB23A3-7F44-8E70-73BB-727DE39BAB87}.Debug|Any CPU.Build.0 = Debug|Any CPU
		{6BBB23A3-7F44-8E70-73BB-727DE39BAB87}.Release|Any CPU.ActiveCfg = Release|Any CPU
		{6BBB23A3-7F44-8E70-73BB-727DE39BAB87}.Release|Any CPU.Build.0 = Release|Any CPU
		{A44C9C82-90F2-01AD-ACEE-408D8BB40E41}.Debug|Any CPU.ActiveCfg = Debug|Any CPU
		{A44C9C82-90F2-01AD-ACEE-408D8BB40E41}.Debug|Any CPU.Build.0 = Debug|Any CPU
		{A44C9C82-90F2-01AD-ACEE-408D8BB40E41}.Release|Any CPU.ActiveCfg = Release|Any CPU
		{A44C9C82-90F2-01AD-ACEE-408D8BB40E41}.Release|Any CPU.Build.0 = Release|Any CPU
		{BEF4267E-0413-B736-FE18-77D11C87178B}.Debug|Any CPU.ActiveCfg = Debug|Any CPU
		{BEF4267E-0413-B736-FE18-77D11C87178B}.Debug|Any CPU.Build.0 = Debug|Any CPU
		{BEF4267E-0413-B736-FE18-77D11C87178B}.Release|Any CPU.ActiveCfg = Release|Any CPU
		{BEF4267E-0413-B736-FE18-77D11C87178B}.Release|Any CPU.Build.0 = Release|Any CPU
		{AB8439D5-1A89-9456-FCAD-BF1E9CFE9EDF}.Debug|Any CPU.ActiveCfg = Debug|Any CPU
		{AB8439D5-1A89-9456-FCAD-BF1E9CFE9EDF}.Debug|Any CPU.Build.0 = Debug|Any CPU
		{AB8439D5-1A89-9456-FCAD-BF1E9CFE9EDF}.Release|Any CPU.ActiveCfg = Release|Any CPU
		{AB8439D5-1A89-9456-FCAD-BF1E9CFE9EDF}.Release|Any CPU.Build.0 = Release|Any CPU
		{8CA60136-B8EB-BE5E-2642-CF09AB644C55}.Debug|Any CPU.ActiveCfg = Debug|Any CPU
		{8CA60136-B8EB-BE5E-2642-CF09AB644C55}.Debug|Any CPU.Build.0 = Debug|Any CPU
		{8CA60136-B8EB-BE5E-2642-CF09AB644C55}.Release|Any CPU.ActiveCfg = Release|Any CPU
		{8CA60136-B8EB-BE5E-2642-CF09AB644C55}.Release|Any CPU.Build.0 = Release|Any CPU
		{B196C534-0B3A-0127-CA24-FC689EEABCA7}.Debug|Any CPU.ActiveCfg = Debug|Any CPU
		{B196C534-0B3A-0127-CA24-FC689EEABCA7}.Debug|Any CPU.Build.0 = Debug|Any CPU
		{B196C534-0B3A-0127-CA24-FC689EEABCA7}.Release|Any CPU.ActiveCfg = Release|Any CPU
		{B196C534-0B3A-0127-CA24-FC689EEABCA7}.Release|Any CPU.Build.0 = Release|Any CPU
		{AA75FBEB-6DE1-4ACC-C390-335867255AB9}.Debug|Any CPU.ActiveCfg = Debug|Any CPU
		{AA75FBEB-6DE1-4ACC-C390-335867255AB9}.Debug|Any CPU.Build.0 = Debug|Any CPU
		{AA75FBEB-6DE1-4ACC-C390-335867255AB9}.Release|Any CPU.ActiveCfg = Release|Any CPU
		{AA75FBEB-6DE1-4ACC-C390-335867255AB9}.Release|Any CPU.Build.0 = Release|Any CPU
		{FC037439-2A68-1649-8850-8247372A764E}.Debug|Any CPU.ActiveCfg = Debug|Any CPU
		{FC037439-2A68-1649-8850-8247372A764E}.Debug|Any CPU.Build.0 = Debug|Any CPU
		{FC037439-2A68-1649-8850-8247372A764E}.Release|Any CPU.ActiveCfg = Release|Any CPU
		{FC037439-2A68-1649-8850-8247372A764E}.Release|Any CPU.Build.0 = Release|Any CPU
		{72EB5FDE-D6E1-E104-BF7D-6606201B23B6}.Debug|Any CPU.ActiveCfg = Debug|Any CPU
		{72EB5FDE-D6E1-E104-BF7D-6606201B23B6}.Debug|Any CPU.Build.0 = Debug|Any CPU
		{72EB5FDE-D6E1-E104-BF7D-6606201B23B6}.Release|Any CPU.ActiveCfg = Release|Any CPU
		{72EB5FDE-D6E1-E104-BF7D-6606201B23B6}.Release|Any CPU.Build.0 = Release|Any CPU
		{D5A00C5E-9B20-E4A9-CA59-3E5A030208EE}.Debug|Any CPU.ActiveCfg = Debug|Any CPU
		{D5A00C5E-9B20-E4A9-CA59-3E5A030208EE}.Debug|Any CPU.Build.0 = Debug|Any CPU
		{D5A00C5E-9B20-E4A9-CA59-3E5A030208EE}.Release|Any CPU.ActiveCfg = Release|Any CPU
		{D5A00C5E-9B20-E4A9-CA59-3E5A030208EE}.Release|Any CPU.Build.0 = Release|Any CPU
		{2F979850-611F-B56B-05E5-578BD768C921}.Debug|Any CPU.ActiveCfg = Debug|Any CPU
		{2F979850-611F-B56B-05E5-578BD768C921}.Debug|Any CPU.Build.0 = Debug|Any CPU
		{2F979850-611F-B56B-05E5-578BD768C921}.Release|Any CPU.ActiveCfg = Release|Any CPU
		{2F979850-611F-B56B-05E5-578BD768C921}.Release|Any CPU.Build.0 = Release|Any CPU
		{09D1FE8B-A96E-B94B-F917-C9932346DAC4}.Debug|Any CPU.ActiveCfg = Debug|Any CPU
		{09D1FE8B-A96E-B94B-F917-C9932346DAC4}.Debug|Any CPU.Build.0 = Debug|Any CPU
		{09D1FE8B-A96E-B94B-F917-C9932346DAC4}.Release|Any CPU.ActiveCfg = Release|Any CPU
		{09D1FE8B-A96E-B94B-F917-C9932346DAC4}.Release|Any CPU.Build.0 = Release|Any CPU
		{98854023-4EC9-7894-DD4F-B788846CBBEC}.Debug|Any CPU.ActiveCfg = Debug|Any CPU
		{98854023-4EC9-7894-DD4F-B788846CBBEC}.Debug|Any CPU.Build.0 = Debug|Any CPU
		{98854023-4EC9-7894-DD4F-B788846CBBEC}.Release|Any CPU.ActiveCfg = Release|Any CPU
		{98854023-4EC9-7894-DD4F-B788846CBBEC}.Release|Any CPU.Build.0 = Release|Any CPU
		{A836306E-D2E6-0F34-9F72-DBA1AC3E2D9F}.Debug|Any CPU.ActiveCfg = Debug|Any CPU
		{A836306E-D2E6-0F34-9F72-DBA1AC3E2D9F}.Debug|Any CPU.Build.0 = Debug|Any CPU
		{A836306E-D2E6-0F34-9F72-DBA1AC3E2D9F}.Release|Any CPU.ActiveCfg = Release|Any CPU
		{A836306E-D2E6-0F34-9F72-DBA1AC3E2D9F}.Release|Any CPU.Build.0 = Release|Any CPU
		{D8ED3E85-D7D6-20AA-5E91-6A73052EDBAF}.Debug|Any CPU.ActiveCfg = Debug|Any CPU
		{D8ED3E85-D7D6-20AA-5E91-6A73052EDBAF}.Debug|Any CPU.Build.0 = Debug|Any CPU
		{D8ED3E85-D7D6-20AA-5E91-6A73052EDBAF}.Release|Any CPU.ActiveCfg = Release|Any CPU
		{D8ED3E85-D7D6-20AA-5E91-6A73052EDBAF}.Release|Any CPU.Build.0 = Release|Any CPU
		{4E980DAF-DFF6-7284-7CD3-E764A2676103}.Debug|Any CPU.ActiveCfg = Debug|Any CPU
		{4E980DAF-DFF6-7284-7CD3-E764A2676103}.Debug|Any CPU.Build.0 = Debug|Any CPU
		{4E980DAF-DFF6-7284-7CD3-E764A2676103}.Release|Any CPU.ActiveCfg = Release|Any CPU
		{4E980DAF-DFF6-7284-7CD3-E764A2676103}.Release|Any CPU.Build.0 = Release|Any CPU
		{50C125DA-AE0D-5471-B148-872D0E202885}.Debug|Any CPU.ActiveCfg = Debug|Any CPU
		{50C125DA-AE0D-5471-B148-872D0E202885}.Debug|Any CPU.Build.0 = Debug|Any CPU
		{50C125DA-AE0D-5471-B148-872D0E202885}.Release|Any CPU.ActiveCfg = Release|Any CPU
		{50C125DA-AE0D-5471-B148-872D0E202885}.Release|Any CPU.Build.0 = Release|Any CPU
		{6BA692CA-6874-FFAB-DA3E-4250457FC21A}.Debug|Any CPU.ActiveCfg = Debug|Any CPU
		{6BA692CA-6874-FFAB-DA3E-4250457FC21A}.Debug|Any CPU.Build.0 = Debug|Any CPU
		{6BA692CA-6874-FFAB-DA3E-4250457FC21A}.Release|Any CPU.ActiveCfg = Release|Any CPU
		{6BA692CA-6874-FFAB-DA3E-4250457FC21A}.Release|Any CPU.Build.0 = Release|Any CPU
		{3B79A56B-7B99-A12D-8E0F-404118A9C70D}.Debug|Any CPU.ActiveCfg = Debug|Any CPU
		{3B79A56B-7B99-A12D-8E0F-404118A9C70D}.Debug|Any CPU.Build.0 = Debug|Any CPU
		{3B79A56B-7B99-A12D-8E0F-404118A9C70D}.Release|Any CPU.ActiveCfg = Release|Any CPU
		{3B79A56B-7B99-A12D-8E0F-404118A9C70D}.Release|Any CPU.Build.0 = Release|Any CPU
		{019AB96E-8050-C04D-36FC-DB1F5CBFBAF4}.Debug|Any CPU.ActiveCfg = Debug|Any CPU
		{019AB96E-8050-C04D-36FC-DB1F5CBFBAF4}.Debug|Any CPU.Build.0 = Debug|Any CPU
		{019AB96E-8050-C04D-36FC-DB1F5CBFBAF4}.Release|Any CPU.ActiveCfg = Release|Any CPU
		{019AB96E-8050-C04D-36FC-DB1F5CBFBAF4}.Release|Any CPU.Build.0 = Release|Any CPU
		{D7CBEBDC-B63B-73A4-0AEA-5EC543E1C12D}.Debug|Any CPU.ActiveCfg = Debug|Any CPU
		{D7CBEBDC-B63B-73A4-0AEA-5EC543E1C12D}.Debug|Any CPU.Build.0 = Debug|Any CPU
		{D7CBEBDC-B63B-73A4-0AEA-5EC543E1C12D}.Release|Any CPU.ActiveCfg = Release|Any CPU
		{D7CBEBDC-B63B-73A4-0AEA-5EC543E1C12D}.Release|Any CPU.Build.0 = Release|Any CPU
		{1223DC7D-64B2-AA9A-2BF8-7FB864A08B3C}.Debug|Any CPU.ActiveCfg = Debug|Any CPU
		{1223DC7D-64B2-AA9A-2BF8-7FB864A08B3C}.Debug|Any CPU.Build.0 = Debug|Any CPU
		{1223DC7D-64B2-AA9A-2BF8-7FB864A08B3C}.Release|Any CPU.ActiveCfg = Release|Any CPU
		{1223DC7D-64B2-AA9A-2BF8-7FB864A08B3C}.Release|Any CPU.Build.0 = Release|Any CPU
		{7C3D9CB7-02CB-E3A2-9730-81E9F341FB8D}.Debug|Any CPU.ActiveCfg = Debug|Any CPU
		{7C3D9CB7-02CB-E3A2-9730-81E9F341FB8D}.Debug|Any CPU.Build.0 = Debug|Any CPU
		{7C3D9CB7-02CB-E3A2-9730-81E9F341FB8D}.Release|Any CPU.ActiveCfg = Release|Any CPU
		{7C3D9CB7-02CB-E3A2-9730-81E9F341FB8D}.Release|Any CPU.Build.0 = Release|Any CPU
		{5E69A572-C8C7-CDE1-D862-F137DB66C0CA}.Debug|Any CPU.ActiveCfg = Debug|Any CPU
		{5E69A572-C8C7-CDE1-D862-F137DB66C0CA}.Debug|Any CPU.Build.0 = Debug|Any CPU
		{5E69A572-C8C7-CDE1-D862-F137DB66C0CA}.Release|Any CPU.ActiveCfg = Release|Any CPU
		{5E69A572-C8C7-CDE1-D862-F137DB66C0CA}.Release|Any CPU.Build.0 = Release|Any CPU
		{1BF13DBD-EEBF-202D-3942-91F3518617A7}.Debug|Any CPU.ActiveCfg = Debug|Any CPU
		{1BF13DBD-EEBF-202D-3942-91F3518617A7}.Debug|Any CPU.Build.0 = Debug|Any CPU
		{1BF13DBD-EEBF-202D-3942-91F3518617A7}.Release|Any CPU.ActiveCfg = Release|Any CPU
		{1BF13DBD-EEBF-202D-3942-91F3518617A7}.Release|Any CPU.Build.0 = Release|Any CPU
		{5A1B9F3D-4200-7FDF-04A3-848FFA64EE96}.Debug|Any CPU.ActiveCfg = Debug|Any CPU
		{5A1B9F3D-4200-7FDF-04A3-848FFA64EE96}.Debug|Any CPU.Build.0 = Debug|Any CPU
		{5A1B9F3D-4200-7FDF-04A3-848FFA64EE96}.Release|Any CPU.ActiveCfg = Release|Any CPU
		{5A1B9F3D-4200-7FDF-04A3-848FFA64EE96}.Release|Any CPU.Build.0 = Release|Any CPU
		{6BAB5776-391F-5971-8CDF-C0A9B3B5AC95}.Debug|Any CPU.ActiveCfg = Debug|Any CPU
		{6BAB5776-391F-5971-8CDF-C0A9B3B5AC95}.Debug|Any CPU.Build.0 = Debug|Any CPU
		{6BAB5776-391F-5971-8CDF-C0A9B3B5AC95}.Release|Any CPU.ActiveCfg = Release|Any CPU
		{6BAB5776-391F-5971-8CDF-C0A9B3B5AC95}.Release|Any CPU.Build.0 = Release|Any CPU
		{B02DA17E-6E1A-4710-9EE6-31F71AB827D2}.Debug|Any CPU.ActiveCfg = Debug|Any CPU
		{B02DA17E-6E1A-4710-9EE6-31F71AB827D2}.Debug|Any CPU.Build.0 = Debug|Any CPU
		{B02DA17E-6E1A-4710-9EE6-31F71AB827D2}.Release|Any CPU.ActiveCfg = Release|Any CPU
		{B02DA17E-6E1A-4710-9EE6-31F71AB827D2}.Release|Any CPU.Build.0 = Release|Any CPU
		{734DD762-DC94-5E0A-185B-3ED65AC42930}.Debug|Any CPU.ActiveCfg = Debug|Any CPU
		{734DD762-DC94-5E0A-185B-3ED65AC42930}.Debug|Any CPU.Build.0 = Debug|Any CPU
		{734DD762-DC94-5E0A-185B-3ED65AC42930}.Release|Any CPU.ActiveCfg = Release|Any CPU
		{734DD762-DC94-5E0A-185B-3ED65AC42930}.Release|Any CPU.Build.0 = Release|Any CPU
	EndGlobalSection
	GlobalSection(SolutionProperties) = preSolution
		HideSolutionNode = FALSE
	EndGlobalSection
EndGlobal
